
Microsoft Visual Studio Solution File, Format Version 12.00
# Visual Studio Version 17
VisualStudioVersion = 17.13.35818.85
MinimumVisualStudioVersion = 10.0.40219.1
Project("{FAE04EC0-301F-11D3-BF4B-00C04F79EFBC}") = "PropertyGalla", "PropertyGalla\PropertyGalla.csproj", "{5D550BF5-C90A-4F59-915E-9C68E8D89BB3}"
EndProject
Global
	GlobalSection(SolutionConfigurationPlatforms) = preSolution
		Debug|Any CPU = Debug|Any CPU
		Release|Any CPU = Release|Any CPU
	EndGlobalSection
	GlobalSection(ProjectConfigurationPlatforms) = postSolution
		{5D550BF5-C90A-4F59-915E-9C68E8D89BB3}.Debug|Any CPU.ActiveCfg = Debug|Any CPU
		{5D550BF5-C90A-4F59-915E-9C68E8D89BB3}.Debug|Any CPU.Build.0 = Debug|Any CPU
		{5D550BF5-C90A-4F59-915E-9C68E8D89BB3}.Release|Any CPU.ActiveCfg = Release|Any CPU
		{5D550BF5-C90A-4F59-915E-9C68E8D89BB3}.Release|Any CPU.Build.0 = Release|Any CPU
	EndGlobalSection
	GlobalSection(SolutionProperties) = preSolution
		HideSolutionNode = FALSE
	EndGlobalSection
	GlobalSection(ExtensibilityGlobals) = postSolution
		SolutionGuid = {4C9FDA07-B954-408C-88BB-952D14841AFA}
	EndGlobalSection
EndGlobal
